
Microsoft Visual Studio Solution File, Format Version 12.00
# Visual Studio 14
VisualStudioVersion = 14.0.25420.1
MinimumVisualStudioVersion = 10.0.40219.1
Project("{8BB2217D-0F2D-49D1-97BC-3654ED321F3B}") = "ProjectVersioning.DotNet.Cli", "src\ProjectVersioning.DotNet.Cli\ProjectVersioning.DotNet.Cli.xproj", "{78F34CB8-41D1-4DE6-87AB-62850C963F33}"
EndProject
Project("{8BB2217D-0F2D-49D1-97BC-3654ED321F3B}") = "ProjectVersioning.DotNet.Cli.Tests", "test\ProjectVersioning.DotNet.Cli.Tests\ProjectVersioning.DotNet.Cli.Tests.xproj", "{3AE71772-D38D-482A-B84A-EB9F319503E7}"
EndProject
Project("{2150E333-8FDC-42A3-9474-1A3956D46DE8}") = "src", "src", "{F97BAB2C-22D7-4CAA-9DFC-2425876A982D}"
EndProject
Project("{2150E333-8FDC-42A3-9474-1A3956D46DE8}") = "test", "test", "{C05FADB7-69FE-4146-9FA2-F6E1667EA1F6}"
EndProject
Project("{2150E333-8FDC-42A3-9474-1A3956D46DE8}") = "Solution Items", "Solution Items", "{AE7989E9-F001-4463-9C62-57697FF2A4A7}"
	ProjectSection(SolutionItems) = preProject
		global.json = global.json
	EndProjectSection
EndProject
Global
	GlobalSection(SolutionConfigurationPlatforms) = preSolution
		Debug|Any CPU = Debug|Any CPU
		Release|Any CPU = Release|Any CPU
	EndGlobalSection
	GlobalSection(ProjectConfigurationPlatforms) = postSolution
		{78F34CB8-41D1-4DE6-87AB-62850C963F33}.Debug|Any CPU.ActiveCfg = Debug|Any CPU
		{78F34CB8-41D1-4DE6-87AB-62850C963F33}.Debug|Any CPU.Build.0 = Debug|Any CPU
		{78F34CB8-41D1-4DE6-87AB-62850C963F33}.Release|Any CPU.ActiveCfg = Release|Any CPU
		{78F34CB8-41D1-4DE6-87AB-62850C963F33}.Release|Any CPU.Build.0 = Release|Any CPU
		{3AE71772-D38D-482A-B84A-EB9F319503E7}.Debug|Any CPU.ActiveCfg = Debug|Any CPU
		{3AE71772-D38D-482A-B84A-EB9F319503E7}.Debug|Any CPU.Build.0 = Debug|Any CPU
		{3AE71772-D38D-482A-B84A-EB9F319503E7}.Release|Any CPU.ActiveCfg = Release|Any CPU
		{3AE71772-D38D-482A-B84A-EB9F319503E7}.Release|Any CPU.Build.0 = Release|Any CPU
	EndGlobalSection
	GlobalSection(SolutionProperties) = preSolution
		HideSolutionNode = FALSE
	EndGlobalSection
	GlobalSection(NestedProjects) = preSolution
		{78F34CB8-41D1-4DE6-87AB-62850C963F33} = {F97BAB2C-22D7-4CAA-9DFC-2425876A982D}
		{3AE71772-D38D-482A-B84A-EB9F319503E7} = {C05FADB7-69FE-4146-9FA2-F6E1667EA1F6}
	EndGlobalSection
EndGlobal
